hash: 4ded6cfecc7e0b43750f192da677640ac6d2dccff7f5e9915083a35548b36467
updated: 2018-09-04T15:21:28.557228+03:00
imports:
- name: github.com/dgrijalva/jwt-go
  version: 0b96aaa707760d6ab28d9b9d1913ff5993328bae
- name: github.com/go-sql-driver/mysql
  version: 99ff426eb706cffe92ff3d058e168b278cabf7c7
- name: github.com/JonathanMH/goClacks
  version: aa5286893e3c719c172357a8c53a19f28550073d
  subpackages:
  - echo
- name: github.com/labstack/echo
  version: 90822319eb6169d1184277248322edaacd11cdde
  subpackages:
  - middleware
- name: github.com/labstack/gommon
  version: 2a618302b929cc20862dda3aa6f02f64dbe740dd
  subpackages:
  - bytes
  - color
  - log
  - random
- name: github.com/mattn/go-colorable
  version: efa589957cd060542a26d2dd7832fd6a6c6c3ade
- name: github.com/mattn/go-isatty
  version: 3fb116b820352b7f0c281308a4d6250c22d94e27
- name: github.com/valyala/bytebufferpool
  version: e746df99fe4a3986f4d4f79e13c1e0117ce9c2f7
- name: github.com/valyala/fasttemplate
  version: dcecefd839c4193db0d35b88ec65b4c12d360ab0
- name: golang.org/x/crypto
  version: 182538f80094b6a8efaade63a8fd8e0d9d5843dd
  subpackages:
  - acme
  - acme/autocert
- name: golang.org/x/sys
  version: 2b024373dcd9800f0cae693839fac6ede8d64a8c
  subpackages:
  - unix
- name: google.golang.org/appengine
  version: 03cac3b07182cfb08c0d0c0b6ee72a1ceb151c92
  subpackages:
  - cloudsql
testImports: []
